
Microsoft Visual Studio Solution File, Format Version 12.00
# Visual Studio Version 16
VisualStudioVersion = 16.0.30907.101
MinimumVisualStudioVersion = 10.0.40219.1
Project("{9A19103F-16F7-4668-BE54-9A1E7A4F7556}") = "NameSort", "NameSort.csproj", "{4F8648DB-8B05-4709-83DE-E23FF837146C}"
EndProject
Global
	GlobalSection(SolutionConfigurationPlatforms) = preSolution
		Debug|Any CPU = Debug|Any CPU
		Debug|x64 = Debug|x64
		Debug|x86 = Debug|x86
		Release|Any CPU = Release|Any CPU
		Release|x64 = Release|x64
		Release|x86 = Release|x86
	EndGlobalSection
	GlobalSection(ProjectConfigurationPlatforms) = postSolution
		{4F8648DB-8B05-4709-83DE-E23FF837146C}.Debug|Any CPU.ActiveCfg = Debug|Any CPU
		{4F8648DB-8B05-4709-83DE-E23FF837146C}.Debug|Any CPU.Build.0 = Debug|Any CPU
		{4F8648DB-8B05-4709-83DE-E23FF837146C}.Debug|x64.ActiveCfg = Debug|x64
		{4F8648DB-8B05-4709-83DE-E23FF837146C}.Debug|x64.Build.0 = Debug|x64
		{4F8648DB-8B05-4709-83DE-E23FF837146C}.Debug|x86.ActiveCfg = Debug|x86
		{4F8648DB-8B05-4709-83DE-E23FF837146C}.Debug|x86.Build.0 = Debug|x86
		{4F8648DB-8B05-4709-83DE-E23FF837146C}.Release|Any CPU.ActiveCfg = Release|Any CPU
		{4F8648DB-8B05-4709-83DE-E23FF837146C}.Release|Any CPU.Build.0 = Release|Any CPU
		{4F8648DB-8B05-4709-83DE-E23FF837146C}.Release|x64.ActiveCfg = Release|x64
		{4F8648DB-8B05-4709-83DE-E23FF837146C}.Release|x64.Build.0 = Release|x64
		{4F8648DB-8B05-4709-83DE-E23FF837146C}.Release|x86.ActiveCfg = Release|x86
		{4F8648DB-8B05-4709-83DE-E23FF837146C}.Release|x86.Build.0 = Release|x86
	EndGlobalSection
	GlobalSection(SolutionProperties) = preSolution
		HideSolutionNode = FALSE
	EndGlobalSection
	GlobalSection(ExtensibilityGlobals) = postSolution
		SolutionGuid = {F7F1D228-E824-433D-A403-29ACAE2BDC4B}
	EndGlobalSection
EndGlobal
